
Microsoft Visual Studio Solution File, Format Version 12.00
# Visual Studio Version 17
VisualStudioVersion = 17.4.33103.184
MinimumVisualStudioVersion = 10.0.40219.1
Project("{FAE04EC0-301F-11D3-BF4B-00C04F79EFBC}") = "P01BazaDanych", "P01BazaDanych\P01BazaDanych.csproj", "{6EA88CB8-0DBD-4212-933C-B9953149F2BA}"
EndProject
Global
	GlobalSection(SolutionConfigurationPlatforms) = preSolution
		Debug|Any CPU = Debug|Any CPU
		Release|Any CPU = Release|Any CPU
	EndGlobalSection
	GlobalSection(ProjectConfigurationPlatforms) = postSolution
		{6EA88CB8-0DBD-4212-933C-B9953149F2BA}.Debug|Any CPU.ActiveCfg = Debug|Any CPU
		{6EA88CB8-0DBD-4212-933C-B9953149F2BA}.Debug|Any CPU.Build.0 = Debug|Any CPU
		{6EA88CB8-0DBD-4212-933C-B9953149F2BA}.Release|Any CPU.ActiveCfg = Release|Any CPU
		{6EA88CB8-0DBD-4212-933C-B9953149F2BA}.Release|Any CPU.Build.0 = Release|Any CPU
	EndGlobalSection
	GlobalSection(SolutionProperties) = preSolution
		HideSolutionNode = FALSE
	EndGlobalSection
	GlobalSection(ExtensibilityGlobals) = postSolution
		SolutionGuid = {0C96A1F3-B5F6-4557-A093-E7D0FEA33827}
	EndGlobalSection
EndGlobal
